{
  "R": {
    "Version": "4.2.0",
    "Repositories": [
      {
        "Name": "RSPM",
        "URL": "https://packagemanager.rstudio.com/all/latest"
      },
      {
        "Name": "CRAN",
        "URL": "https://cloud.r-project.org"
      }
    ]
  },
  "Packages": {
    "R6": {
      "Package": "R6",
      "Version": "2.5.1",
      "Source": "CRAN",
      "Repository": "RSPM",
      "RemoteType": "standard",
      "RemotePkgRef": "R6",
      "RemoteRef": "R6",
      "RemoteRepos": "https://packagemanager.rstudio.com/all/__linux__/focal/latest",
      "RemotePkgPlatform": "source",
      "RemoteSha": "2.5.1",
      "Hash": "470851b6d5d0ac559e9d01bb352b4021",
      "Requirements": []
    },
    "Rcpp": {
      "Package": "Rcpp",
      "Version": "1.0.8.3",
      "Source": "CRAN",
      "Repository": "RSPM",
      "RemoteType": "standard",
      "RemotePkgRef": "Rcpp",
      "RemoteRef": "Rcpp",
      "RemoteRepos": "https://packagemanager.rstudio.com/all/__linux__/focal/latest",
      "RemotePkgPlatform": "source",
      "RemoteSha": "1.0.8.3",
      "Hash": "32e79b908fda56ee57fe518a8d37b864",
      "Requirements": []
    },
    "arrow": {
      "Package": "arrow",
      "Version": "8.0.0",
      "Source": "CRAN",
      "Repository": "RSPM",
      "RemoteType": "standard",
      "RemotePkgRef": "arrow",
      "RemoteRef": "arrow",
      "RemoteRepos": "https://packagemanager.rstudio.com/all/__linux__/focal/latest",
      "RemotePkgPlatform": "source",
      "RemoteSha": "8.0.0",
      "Hash": "58b7ef7a5c997e324767b86ae0bb0896",
      "Requirements": [
        "R6",
        "assertthat",
        "bit64",
        "cpp11",
        "purrr",
        "rlang",
        "tidyselect",
        "vctrs"
      ]
    },
    "askpass": {
      "Package": "askpass",
      "Version": "1.1",
      "Source": "CRAN",
      "Repository": "RSPM",
      "RemoteType": "standard",
      "RemotePkgRef": "askpass",
      "RemoteRef": "askpass",
      "RemoteRepos": "https://packagemanager.rstudio.com/all/__linux__/focal/latest",
      "RemotePkgPlatform": "source",
      "RemoteSha": "1.1",
      "Hash": "e8a22846fff485f0be3770c2da758713",
      "Requirements": [
        "sys"
      ]
    },
    "assertthat": {
      "Package": "assertthat",
      "Version": "0.2.1",
      "Source": "CRAN",
      "Repository": "RSPM",
      "RemoteType": "standard",
      "RemotePkgRef": "assertthat",
      "RemoteRef": "assertthat",
      "RemoteRepos": "https://packagemanager.rstudio.com/all/__linux__/focal/latest",
      "RemotePkgPlatform": "source",
      "RemoteSha": "0.2.1",
      "Hash": "50c838a310445e954bc13f26f26a6ecf",
      "Requirements": []
    },
    "bit": {
      "Package": "bit",
      "Version": "4.0.4",
      "Source": "CRAN",
      "Repository": "RSPM",
      "RemoteType": "standard",
      "RemotePkgRef": "bit",
      "RemoteRef": "bit",
      "RemoteRepos": "https://packagemanager.rstudio.com/all/__linux__/focal/latest",
      "RemotePkgPlatform": "source",
      "RemoteSha": "4.0.4",
      "Hash": "f36715f14d94678eea9933af927bc15d",
      "Requirements": []
    },
    "bit64": {
      "Package": "bit64",
      "Version": "4.0.5",
      "Source": "CRAN",
      "Repository": "RSPM",
      "RemoteType": "standard",
      "RemotePkgRef": "bit64",
      "RemoteRef": "bit64",
      "RemoteRepos": "https://packagemanager.rstudio.com/all/__linux__/focal/latest",
      "RemotePkgPlatform": "source",
      "RemoteSha": "4.0.5",
      "Hash": "9fe98599ca456d6552421db0d6772d8f",
      "Requirements": [
        "bit"
      ]
    },
    "butcher": {
      "Package": "butcher",
      "Version": "0.2.0",
      "Source": "CRAN",
      "Repository": "RSPM",
      "RemoteType": "standard",
      "RemotePkgRef": "butcher",
      "RemoteRef": "butcher",
      "RemoteRepos": "https://packagemanager.rstudio.com/all/__linux__/focal/latest",
      "RemotePkgPlatform": "source",
      "RemoteSha": "0.2.0",
      "Hash": "c83247fdebe67ddfb166bc68eb5101e9",
      "Requirements": [
        "cli",
        "lobstr",
        "purrr",
        "rlang",
        "tibble",
        "vctrs"
      ]
    },
    "cli": {
      "Package": "cli",
      "Version": "3.3.0",
      "Source": "CRAN",
      "Repository": "RSPM",
      "RemoteType": "standard",
      "RemotePkgRef": "cli",
      "RemoteRef": "cli",
      "RemoteRepos": "https://packagemanager.rstudio.com/all/__linux__/focal/latest",
      "RemotePkgPlatform": "source",
      "RemoteSha": "3.3.0",
      "Hash": "23abf173c2b783dcc43379ab9bba00ee",
      "Requirements": [
        "glue"
      ]
    },
    "clipr": {
      "Package": "clipr",
      "Version": "0.8.0",
      "Source": "CRAN",
      "Repository": "RSPM",
      "RemoteType": "standard",
      "RemotePkgRef": "clipr",
      "RemoteRef": "clipr",
      "RemoteRepos": "https://packagemanager.rstudio.com/all/__linux__/focal/latest",
      "RemotePkgPlatform": "source",
      "RemoteSha": "0.8.0",
      "Hash": "3f038e5ac7f41d4ac41ce658c85e3042",
      "Requirements": []
    },
    "cpp11": {
      "Package": "cpp11",
      "Version": "0.4.2",
      "Source": "CRAN",
      "Repository": "RSPM",
      "RemoteType": "standard",
      "RemotePkgRef": "cpp11",
      "RemoteRef": "cpp11",
      "RemoteRepos": "https://packagemanager.rstudio.com/all/__linux__/focal/latest",
      "RemotePkgPlatform": "source",
      "RemoteSha": "0.4.2",
      "Hash": "fa53ce256cd280f468c080a58ea5ba8c",
      "Requirements": []
    },
    "crayon": {
      "Package": "crayon",
      "Version": "1.5.1",
      "Source": "CRAN",
      "Repository": "RSPM",
      "RemoteType": "standard",
      "RemotePkgRef": "crayon",
      "RemoteRef": "crayon",
      "RemoteRepos": "https://packagemanager.rstudio.com/all/__linux__/focal/latest",
      "RemotePkgPlatform": "source",
      "RemoteSha": "1.5.1",
      "Hash": "8dc45fd8a1ee067a92b85ef274e66d6a",
      "Requirements": []
    },
    "curl": {
      "Package": "curl",
      "Version": "4.3.2",
      "Source": "CRAN",
      "Repository": "RSPM",
      "RemoteType": "standard",
      "RemotePkgRef": "curl",
      "RemoteRef": "curl",
      "RemoteRepos": "https://packagemanager.rstudio.com/all/__linux__/focal/latest",
      "RemotePkgPlatform": "source",
      "RemoteSha": "4.3.2",
      "Hash": "022c42d49c28e95d69ca60446dbabf88",
      "Requirements": []
    },
    "digest": {
      "Package": "digest",
      "Version": "0.6.29",
      "Source": "CRAN",
      "Repository": "RSPM",
      "RemoteType": "standard",
      "RemotePkgRef": "digest",
      "RemoteRef": "digest",
      "RemoteRepos": "https://packagemanager.rstudio.com/all/__linux__/focal/latest",
      "RemotePkgPlatform": "source",
      "RemoteSha": "0.6.29",
      "Hash": "cf6b206a045a684728c3267ef7596190",
      "Requirements": []
    },
    "ellipsis": {
      "Package": "ellipsis",
      "Version": "0.3.2",
      "Source": "CRAN",
      "Repository": "RSPM",
      "RemoteType": "standard",
      "RemotePkgRef": "ellipsis",
      "RemoteRef": "ellipsis",
      "RemoteRepos": "https://packagemanager.rstudio.com/all/__linux__/focal/latest",
      "RemotePkgPlatform": "source",
      "RemoteSha": "0.3.2",
      "Hash": "bb0eec2fe32e88d9e2836c2f73ea2077",
      "Requirements": [
        "rlang"
      ]
    },
    "fansi": {
      "Package": "fansi",
      "Version": "1.0.3",
      "Source": "CRAN",
      "Repository": "RSPM",
      "RemoteType": "standard",
      "RemotePkgRef": "fansi",
      "RemoteRef": "fansi",
      "RemoteRepos": "https://packagemanager.rstudio.com/all/__linux__/focal/latest",
      "RemotePkgPlatform": "source",
      "RemoteSha": "1.0.3",
      "Hash": "83a8afdbe71839506baa9f90eebad7ec",
      "Requirements": []
    },
    "filelock": {
      "Package": "filelock",
      "Version": "1.0.2",
      "Source": "CRAN",
      "Repository": "RSPM",
      "RemoteType": "standard",
      "RemotePkgRef": "filelock",
      "RemoteRef": "filelock",
      "RemoteRepos": "https://packagemanager.rstudio.com/all/__linux__/focal/latest",
      "RemotePkgPlatform": "source",
      "RemoteSha": "1.0.2",
      "Hash": "38ec653c2613bed60052ba3787bd8a2c",
      "Requirements": []
    },
    "fs": {
      "Package": "fs",
      "Version": "1.5.2",
      "Source": "CRAN",
      "Repository": "RSPM",
      "RemoteType": "standard",
      "RemotePkgRef": "fs",
      "RemoteRef": "fs",
      "RemoteRepos": "https://packagemanager.rstudio.com/all/__linux__/focal/latest",
      "RemotePkgPlatform": "source",
      "RemoteSha": "1.5.2",
      "Hash": "7c89603d81793f0d5486d91ab1fc6f1d",
      "Requirements": []
    },
    "generics": {
      "Package": "generics",
      "Version": "0.1.3",
      "Source": "CRAN",
      "Repository": "RSPM",
      "RemoteType": "standard",
      "RemotePkgRef": "generics",
      "RemoteRef": "generics",
      "RemoteRepos": "https://packagemanager.rstudio.com/all/__linux__/focal/latest",
      "RemotePkgPlatform": "source",
      "RemoteSha": "0.1.3",
      "Hash": "15e9634c0fcd294799e9b2e929ed1b86",
      "Requirements": []
    },
    "glue": {
      "Package": "glue",
      "Version": "1.6.2",
      "Source": "CRAN",
      "Repository": "RSPM",
      "RemoteType": "standard",
      "RemotePkgRef": "glue",
      "RemoteRef": "glue",
      "RemoteRepos": "https://packagemanager.rstudio.com/all/__linux__/focal/latest",
      "RemotePkgPlatform": "source",
      "RemoteSha": "1.6.2",
      "Hash": "4f2596dfb05dac67b9dc558e5c6fba2e",
      "Requirements": []
    },
    "hardhat": {
      "Package": "hardhat",
      "Version": "1.2.0",
      "Source": "CRAN",
      "Repository": "RSPM",
      "RemoteType": "standard",
      "RemotePkgRef": "hardhat",
      "RemoteRef": "hardhat",
      "RemoteRepos": "https://packagemanager.rstudio.com/all/__linux__/focal/latest",
      "RemotePkgPlatform": "source",
      "RemoteSha": "1.2.0",
      "Hash": "7cd2660e174e555b05aaeac979dee22b",
      "Requirements": [
        "glue",
        "rlang",
        "tibble",
        "vctrs"
      ]
    },
    "hms": {
      "Package": "hms",
      "Version": "1.1.1",
      "Source": "CRAN",
      "Repository": "RSPM",
      "RemoteType": "standard",
      "RemotePkgRef": "hms",
      "RemoteRef": "hms",
      "RemoteRepos": "https://packagemanager.rstudio.com/all/__linux__/focal/latest",
      "RemotePkgPlatform": "source",
      "RemoteSha": "1.1.1",
      "Hash": "5b8a2dd0fdbe2ab4f6081e6c7be6dfca",
      "Requirements": [
        "ellipsis",
        "lifecycle",
        "pkgconfig",
        "rlang",
        "vctrs"
      ]
    },
    "httpuv": {
      "Package": "httpuv",
      "Version": "1.6.5",
      "Source": "CRAN",
      "Repository": "RSPM",
      "RemoteType": "standard",
      "RemotePkgRef": "httpuv",
      "RemoteRef": "httpuv",
      "RemoteRepos": "https://packagemanager.rstudio.com/all/__linux__/focal/latest",
      "RemotePkgPlatform": "source",
      "RemoteSha": "1.6.5",
      "Hash": "97fe71f0a4a1c9890e6c2128afa04bc0",
      "Requirements": [
        "R6",
        "Rcpp",
        "later",
        "promises"
      ]
    },
    "httr": {
      "Package": "httr",
      "Version": "1.4.3",
      "Source": "CRAN",
      "Repository": "RSPM",
      "RemoteType": "standard",
      "RemotePkgRef": "httr",
      "RemoteRef": "httr",
      "RemoteRepos": "https://packagemanager.rstudio.com/all/__linux__/focal/latest",
      "RemotePkgPlatform": "source",
      "RemoteSha": "1.4.3",
      "Hash": "88d1b310583777edf01ccd1216fb0b2b",
      "Requirements": [
        "R6",
        "curl",
        "jsonlite",
        "mime",
        "openssl"
      ]
    },
    "jsonlite": {
      "Package": "jsonlite",
      "Version": "1.8.0",
      "Source": "CRAN",
      "Repository": "RSPM",
      "RemoteType": "standard",
      "RemotePkgRef": "jsonlite",
      "RemoteRef": "jsonlite",
      "RemoteRepos": "https://packagemanager.rstudio.com/all/__linux__/focal/latest",
      "RemotePkgPlatform": "source",
      "RemoteSha": "1.8.0",
      "Hash": "d07e729b27b372429d42d24d503613a0",
      "Requirements": []
    },
    "later": {
      "Package": "later",
      "Version": "1.3.0",
      "Source": "CRAN",
      "Repository": "RSPM",
      "RemoteType": "standard",
      "RemotePkgRef": "later",
      "RemoteRef": "later",
      "RemoteRepos": "https://packagemanager.rstudio.com/all/__linux__/focal/latest",
      "RemotePkgPlatform": "source",
      "RemoteSha": "1.3.0",
      "Hash": "7e7b457d7766bc47f2a5f21cc2984f8e",
      "Requirements": [
        "Rcpp",
        "rlang"
      ]
    },
    "lifecycle": {
      "Package": "lifecycle",
      "Version": "1.0.1",
      "Source": "CRAN",
      "Repository": "RSPM",
      "RemoteType": "standard",
      "RemotePkgRef": "lifecycle",
      "RemoteRef": "lifecycle",
      "RemoteRepos": "https://packagemanager.rstudio.com/all/__linux__/focal/latest",
      "RemotePkgPlatform": "source",
      "RemoteSha": "1.0.1",
      "Hash": "a6b6d352e3ed897373ab19d8395c98d0",
      "Requirements": [
        "glue",
        "rlang"
      ]
    },
    "lobstr": {
      "Package": "lobstr",
      "Version": "1.1.2",
      "Source": "CRAN",
      "Repository": "RSPM",
      "RemoteType": "standard",
      "RemotePkgRef": "lobstr",
      "RemoteRef": "lobstr",
      "RemoteRepos": "https://packagemanager.rstudio.com/all/__linux__/focal/latest",
      "RemotePkgPlatform": "source",
      "RemoteSha": "1.1.2",
      "Hash": "f2a94f8fc9db382a642e965339635ad6",
      "Requirements": [
        "cpp11",
        "crayon",
        "prettyunits",
        "rlang"
      ]
    },
    "magrittr": {
      "Package": "magrittr",
      "Version": "2.0.3",
      "Source": "CRAN",
      "Repository": "RSPM",
      "RemoteType": "standard",
      "RemotePkgRef": "magrittr",
      "RemoteRef": "magrittr",
      "RemoteRepos": "https://packagemanager.rstudio.com/all/__linux__/focal/latest",
      "RemotePkgPlatform": "source",
      "RemoteSha": "2.0.3",
      "Hash": "7ce2733a9826b3aeb1775d56fd305472",
      "Requirements": []
    },
    "mime": {
      "Package": "mime",
      "Version": "0.12",
      "Source": "CRAN",
      "Repository": "RSPM",
      "RemoteType": "standard",
      "RemotePkgRef": "mime",
      "RemoteRef": "mime",
      "RemoteRepos": "https://packagemanager.rstudio.com/all/__linux__/focal/latest",
      "RemotePkgPlatform": "source",
      "RemoteSha": "0.12",
      "Hash": "18e9c28c1d3ca1560ce30658b22ce104",
      "Requirements": []
    },
    "openssl": {
      "Package": "openssl",
      "Version": "2.0.2",
      "Source": "CRAN",
      "Repository": "RSPM",
      "RemoteType": "standard",
      "RemotePkgRef": "openssl",
      "RemoteRef": "openssl",
      "RemoteRepos": "https://packagemanager.rstudio.com/all/__linux__/focal/latest",
      "RemotePkgPlatform": "source",
      "RemoteSha": "2.0.2",
      "Hash": "6d3bef2e305f55c705c674653c7d7d3d",
      "Requirements": [
        "askpass"
      ]
    },
    "pillar": {
      "Package": "pillar",
      "Version": "1.7.0",
      "Source": "CRAN",
      "Repository": "RSPM",
      "RemoteType": "standard",
      "RemotePkgRef": "pillar",
      "RemoteRef": "pillar",
      "RemoteRepos": "https://packagemanager.rstudio.com/all/__linux__/focal/latest",
      "RemotePkgPlatform": "source",
      "RemoteSha": "1.7.0",
      "Hash": "51dfc97e1b7069e9f7e6f83f3589c22e",
      "Requirements": [
        "cli",
        "crayon",
        "ellipsis",
        "fansi",
        "glue",
        "lifecycle",
        "rlang",
        "utf8",
        "vctrs"
      ]
    },
    "pins": {
      "Package": "pins",
      "Version": "1.0.1",
      "Source": "CRAN",
      "Repository": "RSPM",
      "RemoteType": "standard",
      "RemotePkgRef": "pins",
      "RemoteRef": "pins",
      "RemoteRepos": "https://packagemanager.rstudio.com/all/__linux__/focal/latest",
      "RemotePkgPlatform": "source",
      "RemoteSha": "1.0.1",
      "Hash": "895dab97fa344ed6946bbeb4effb3810",
      "Requirements": [
        "arrow",
        "cli",
        "digest",
        "ellipsis",
        "filelock",
        "fs",
        "glue",
        "httr",
        "jsonlite",
        "lifecycle",
        "magrittr",
        "mime",
        "openssl",
        "rappdirs",
        "rlang",
        "tibble",
        "whisker",
        "withr",
        "yaml",
        "zip"
      ]
    },
    "pkgconfig": {
      "Package": "pkgconfig",
      "Version": "2.0.3",
      "Source": "CRAN",
      "Repository": "RSPM",
      "RemoteType": "standard",
      "RemotePkgRef": "pkgconfig",
      "RemoteRef": "pkgconfig",
      "RemoteRepos": "https://packagemanager.rstudio.com/all/__linux__/focal/latest",
      "RemotePkgPlatform": "source",
      "RemoteSha": "2.0.3",
      "Hash": "01f28d4278f15c76cddbea05899c5d6f",
      "Requirements": []
    },
    "plumber": {
      "Package": "plumber",
      "Version": "1.1.0",
      "Source": "CRAN",
      "Repository": "RSPM",
      "RemoteType": "standard",
      "RemotePkgRef": "plumber",
      "RemoteRef": "plumber",
      "RemoteRepos": "https://packagemanager.rstudio.com/all/__linux__/focal/latest",
      "RemotePkgPlatform": "source",
      "RemoteSha": "1.1.0",
      "Hash": "a367cf9e97db99014056d75f3a05b86c",
      "Requirements": [
        "R6",
        "crayon",
        "ellipsis",
        "httpuv",
        "jsonlite",
        "lifecycle",
        "magrittr",
        "mime",
        "promises",
        "rlang",
        "sodium",
        "stringi",
        "swagger",
        "webutils"
      ]
    },
    "prettyunits": {
      "Package": "prettyunits",
      "Version": "1.1.1",
      "Source": "CRAN",
      "Repository": "RSPM",
      "RemoteType": "standard",
      "RemotePkgRef": "prettyunits",
      "RemoteRef": "prettyunits",
      "RemoteRepos": "https://packagemanager.rstudio.com/all/__linux__/focal/latest",
      "RemotePkgPlatform": "source",
      "RemoteSha": "1.1.1",
      "Hash": "95ef9167b75dde9d2ccc3c7528393e7e",
      "Requirements": []
    },
    "progress": {
      "Package": "progress",
      "Version": "1.2.2",
      "Source": "CRAN",
      "Repository": "RSPM",
      "RemoteType": "standard",
      "RemotePkgRef": "progress",
      "RemoteRef": "progress",
      "RemoteRepos": "https://packagemanager.rstudio.com/all/__linux__/focal/latest",
      "RemotePkgPlatform": "source",
      "RemoteSha": "1.2.2",
      "Hash": "14dc9f7a3c91ebb14ec5bb9208a07061",
      "Requirements": [
        "R6",
        "crayon",
        "hms",
        "prettyunits"
      ]
    },
    "promises": {
      "Package": "promises",
      "Version": "1.2.0.1",
      "Source": "CRAN",
      "Repository": "RSPM",
      "RemoteType": "standard",
      "RemotePkgRef": "promises",
      "RemoteRef": "promises",
      "RemoteRepos": "https://packagemanager.rstudio.com/all/__linux__/focal/latest",
      "RemotePkgPlatform": "source",
      "RemoteSha": "1.2.0.1",
      "Hash": "4ab2c43adb4d4699cf3690acd378d75d",
      "Requirements": [
        "R6",
        "Rcpp",
        "later",
        "magrittr",
        "rlang"
      ]
    },
    "purrr": {
      "Package": "purrr",
      "Version": "0.3.4",
      "Source": "CRAN",
      "Repository": "RSPM",
      "RemoteType": "standard",
      "RemotePkgRef": "purrr",
      "RemoteRef": "purrr",
      "RemoteRepos": "https://packagemanager.rstudio.com/all/__linux__/focal/latest",
      "RemotePkgPlatform": "source",
      "RemoteSha": "0.3.4",
      "Hash": "97def703420c8ab10d8f0e6c72101e02",
      "Requirements": [
        "magrittr",
        "rlang"
      ]
    },
    "rapidoc": {
      "Package": "rapidoc",
      "Version": "8.4.3",
      "Source": "CRAN",
      "Repository": "RSPM",
      "RemoteType": "standard",
      "RemotePkgRef": "rapidoc",
      "RemoteRef": "rapidoc",
      "RemoteRepos": "https://packagemanager.rstudio.com/all/__linux__/focal/latest",
      "RemotePkgPlatform": "source",
      "RemoteSha": "8.4.3",
      "Hash": "576f303483fd25cda71f6c4e16682d1c",
      "Requirements": [
        "jsonlite"
      ]
    },
    "rappdirs": {
      "Package": "rappdirs",
      "Version": "0.3.3",
      "Source": "CRAN",
      "Repository": "RSPM",
      "RemoteType": "standard",
      "RemotePkgRef": "rappdirs",
      "RemoteRef": "rappdirs",
      "RemoteRepos": "https://packagemanager.rstudio.com/all/__linux__/focal/latest",
      "RemotePkgPlatform": "source",
      "RemoteSha": "0.3.3",
      "Hash": "5e3c5dc0b071b21fa128676560dbe94d",
      "Requirements": []
    },
    "readr": {
      "Package": "readr",
      "Version": "2.1.2",
      "Source": "CRAN",
      "Repository": "RSPM",
      "RemoteType": "standard",
      "RemotePkgRef": "readr",
      "RemoteRef": "readr",
      "RemoteRepos": "https://packagemanager.rstudio.com/all/__linux__/focal/latest",
      "RemotePkgPlatform": "source",
      "RemoteSha": "2.1.2",
      "Hash": "9c59de1357dc209868b5feb5c9f0fe2f",
      "Requirements": [
        "R6",
        "cli",
        "clipr",
        "cpp11",
        "crayon",
        "hms",
        "lifecycle",
        "rlang",
        "tibble",
        "tzdb",
        "vroom"
      ]
    },
    "renv": {
      "Package": "renv",
      "Version": "0.15.5",
      "Source": "CRAN",
      "Repository": "RSPM",
      "RemoteType": "standard",
      "RemotePkgRef": "renv",
      "RemoteRef": "renv",
      "RemoteRepos": "https://packagemanager.rstudio.com/all/__linux__/focal/latest",
      "RemotePkgPlatform": "source",
      "RemoteSha": "0.15.5",
      "Hash": "6a38294e7d12f5d8e656b08c5bd8ae34",
      "Requirements": []
    },
    "rlang": {
      "Package": "rlang",
      "Version": "1.0.3",
      "Source": "CRAN",
      "Repository": "RSPM",
      "RemoteType": "standard",
      "RemotePkgRef": "rlang",
      "RemoteRef": "rlang",
      "RemoteRepos": "https://packagemanager.rstudio.com/all/__linux__/focal/latest",
      "RemotePkgPlatform": "source",
      "RemoteSha": "1.0.3",
      "Hash": "9103a8f74b2114a5ed1136b471d8feca",
      "Requirements": []
    },
    "sodium": {
      "Package": "sodium",
      "Version": "1.2.1",
      "Source": "CRAN",
      "Repository": "RSPM",
      "RemoteType": "standard",
      "RemotePkgRef": "sodium",
      "RemoteRef": "sodium",
      "RemoteRepos": "https://packagemanager.rstudio.com/all/__linux__/focal/latest",
      "RemotePkgPlatform": "source",
      "RemoteSha": "1.2.1",
      "Hash": "3606bb09e0914edd4fc8313b500dcd5e",
      "Requirements": []
    },
    "stringi": {
      "Package": "stringi",
      "Version": "1.7.6",
      "Source": "CRAN",
      "Repository": "RSPM",
      "RemoteType": "standard",
      "RemotePkgRef": "stringi",
      "RemoteRef": "stringi",
      "RemoteRepos": "https://packagemanager.rstudio.com/all/__linux__/focal/latest",
      "RemotePkgPlatform": "source",
      "RemoteSha": "1.7.6",
      "Hash": "bba431031d30789535745a9627ac9271",
      "Requirements": []
    },
    "swagger": {
      "Package": "swagger",
      "Version": "3.33.1",
      "Source": "CRAN",
      "Repository": "RSPM",
      "RemoteType": "standard",
      "RemotePkgRef": "swagger",
      "RemoteRef": "swagger",
      "RemoteRepos": "https://packagemanager.rstudio.com/all/__linux__/focal/latest",
      "RemotePkgPlatform": "source",
      "RemoteSha": "3.33.1",
      "Hash": "f28d25ed70c903922254157c11b0081d",
      "Requirements": []
    },
    "sys": {
      "Package": "sys",
      "Version": "3.4",
      "Source": "CRAN",
      "Repository": "RSPM",
      "RemoteType": "standard",
      "RemotePkgRef": "sys",
      "RemoteRef": "sys",
      "RemoteRepos": "https://packagemanager.rstudio.com/all/__linux__/focal/latest",
      "RemotePkgPlatform": "source",
      "RemoteSha": "3.4",
      "Hash": "b227d13e29222b4574486cfcbde077fa",
      "Requirements": []
    },
    "tibble": {
      "Package": "tibble",
      "Version": "3.1.7",
      "Source": "CRAN",
      "Repository": "RSPM",
      "RemoteType": "standard",
      "RemotePkgRef": "tibble",
      "RemoteRef": "tibble",
      "RemoteRepos": "https://packagemanager.rstudio.com/all/__linux__/focal/latest",
      "RemotePkgPlatform": "source",
      "RemoteSha": "3.1.7",
      "Hash": "08415af406e3dd75049afef9552e7355",
      "Requirements": [
        "ellipsis",
        "fansi",
        "lifecycle",
        "magrittr",
        "pillar",
        "pkgconfig",
        "rlang",
        "vctrs"
      ]
    },
    "tidyselect": {
      "Package": "tidyselect",
      "Version": "1.1.2",
      "Source": "CRAN",
      "Repository": "RSPM",
      "RemoteType": "standard",
      "RemotePkgRef": "tidyselect",
      "RemoteRef": "tidyselect",
      "RemoteRepos": "https://packagemanager.rstudio.com/all/__linux__/focal/latest",
      "RemotePkgPlatform": "source",
      "RemoteSha": "1.1.2",
      "Hash": "17f6da8cfd7002760a859915ce7eef8f",
      "Requirements": [
        "ellipsis",
        "glue",
        "purrr",
        "rlang",
        "vctrs"
      ]
    },
    "tzdb": {
      "Package": "tzdb",
      "Version": "0.3.0",
      "Source": "CRAN",
      "Repository": "RSPM",
      "RemoteType": "standard",
      "RemotePkgRef": "tzdb",
      "RemoteRef": "tzdb",
      "RemoteRepos": "https://packagemanager.rstudio.com/all/__linux__/focal/latest",
      "RemotePkgPlatform": "source",
      "RemoteSha": "0.3.0",
      "Hash": "b2e1cbce7c903eaf23ec05c58e59fb5e",
      "Requirements": [
        "cpp11"
      ]
    },
    "utf8": {
      "Package": "utf8",
      "Version": "1.2.2",
      "Source": "CRAN",
      "Repository": "RSPM",
      "RemoteType": "standard",
      "RemotePkgRef": "utf8",
      "RemoteRef": "utf8",
      "RemoteRepos": "https://packagemanager.rstudio.com/all/__linux__/focal/latest",
      "RemotePkgPlatform": "source",
      "RemoteSha": "1.2.2",
      "Hash": "c9c462b759a5cc844ae25b5942654d13",
      "Requirements": []
    },
    "vctrs": {
      "Package": "vctrs",
      "Version": "0.4.1",
      "Source": "CRAN",
      "Repository": "RSPM",
      "RemoteType": "standard",
      "RemotePkgRef": "vctrs",
      "RemoteRef": "vctrs",
      "RemoteRepos": "https://packagemanager.rstudio.com/all/__linux__/focal/latest",
      "RemotePkgPlatform": "source",
      "RemoteSha": "0.4.1",
      "Hash": "8b54f22e2a58c4f275479c92ce041a57",
      "Requirements": [
        "cli",
        "glue",
        "rlang"
      ]
    },
    "vetiver": {
      "Package": "vetiver",
      "Version": "0.1.6.9000",
      "Source": "Local",
      "RemotePkgRef": "local::.",
      "RemoteType": "local",
      "Hash": "f4a7aa9987466e723f063d37bdd62957",
      "Requirements": [
        "butcher",
        "cli",
        "fs",
        "generics",
        "glue",
        "hardhat",
        "httr",
        "jsonlite",
        "lifecycle",
        "magrittr",
        "pins",
        "plumber",
        "purrr",
        "rapidoc",
        "readr",
        "renv",
        "rlang",
        "tibble",
        "vctrs",
        "withr"
      ]
    },
    "vroom": {
      "Package": "vroom",
      "Version": "1.5.7",
      "Source": "CRAN",
      "Repository": "RSPM",
      "RemoteType": "standard",
      "RemotePkgRef": "vroom",
      "RemoteRef": "vroom",
      "RemoteRepos": "https://packagemanager.rstudio.com/all/__linux__/focal/latest",
      "RemotePkgPlatform": "source",
      "RemoteSha": "1.5.7",
      "Hash": "976507b5a105bc3bdf6a5a5f29e0684f",
      "Requirements": [
        "bit64",
        "cli",
        "cpp11",
        "crayon",
        "glue",
        "hms",
        "lifecycle",
        "progress",
        "rlang",
        "tibble",
        "tidyselect",
        "tzdb",
        "vctrs",
        "withr"
      ]
    },
    "webutils": {
      "Package": "webutils",
      "Version": "1.1",
      "Source": "CRAN",
      "Repository": "RSPM",
      "RemoteType": "standard",
      "RemotePkgRef": "webutils",
      "RemoteRef": "webutils",
      "RemoteRepos": "https://packagemanager.rstudio.com/all/__linux__/focal/latest",
      "RemotePkgPlatform": "source",
      "RemoteSha": "1.1",
      "Hash": "75d8b5b05fe22659b54076563f83f26a",
      "Requirements": [
        "curl",
        "jsonlite"
      ]
    },
    "whisker": {
      "Package": "whisker",
      "Version": "0.4",
      "Source": "CRAN",
      "Repository": "RSPM",
      "RemoteType": "standard",
      "RemotePkgRef": "whisker",
      "RemoteRef": "whisker",
      "RemoteRepos": "https://packagemanager.rstudio.com/all/__linux__/focal/latest",
      "RemotePkgPlatform": "source",
      "RemoteSha": "0.4",
      "Hash": "ca970b96d894e90397ed20637a0c1bbe",
      "Requirements": []
    },
    "withr": {
      "Package": "withr",
      "Version": "2.5.0",
      "Source": "CRAN",
      "Repository": "RSPM",
      "RemoteType": "standard",
      "RemotePkgRef": "withr",
      "RemoteRef": "withr",
      "RemoteRepos": "https://packagemanager.rstudio.com/all/__linux__/focal/latest",
      "RemotePkgPlatform": "source",
      "RemoteSha": "2.5.0",
      "Hash": "c0e49a9760983e81e55cdd9be92e7182",
      "Requirements": []
    },
    "yaml": {
      "Package": "yaml",
      "Version": "2.3.5",
      "Source": "CRAN",
      "Repository": "RSPM",
      "RemoteType": "standard",
      "RemotePkgRef": "yaml",
      "RemoteRef": "yaml",
      "RemoteRepos": "https://packagemanager.rstudio.com/all/__linux__/focal/latest",
      "RemotePkgPlatform": "source",
      "RemoteSha": "2.3.5",
      "Hash": "458bb38374d73bf83b1bb85e353da200",
      "Requirements": []
    },
    "zip": {
      "Package": "zip",
      "Version": "2.2.0",
      "Source": "CRAN",
      "Repository": "RSPM",
      "RemoteType": "standard",
      "RemotePkgRef": "zip",
      "RemoteRef": "zip",
      "RemoteRepos": "https://packagemanager.rstudio.com/all/__linux__/focal/latest",
      "RemotePkgPlatform": "source",
      "RemoteSha": "2.2.0",
      "Hash": "c7eef2996ac270a18c2715c997a727c5",
      "Requirements": []
    }
  }
}
