{
  "R": {
    "Version": "4.3.0",
    "Repositories": [
      {
        "Name": "RSPM",
        "URL": "https://packagemanager.posit.co/cran/latest"
      },
      {
        "Name": "CRAN",
        "URL": "https://cloud.r-project.org"
      }
    ]
  },
  "Packages": {
    "R6": {
      "Package": "R6",
      "Version": "2.5.1",
      "Source": "Repository",
      "Repository": "RSPM",
      "RemoteType": "standard",
      "RemotePkgRef": "R6",
      "RemoteRef": "R6",
      "RemoteRepos": "https://packagemanager.posit.co/cran/__linux__/jammy/latest",
      "RemotePkgPlatform": "x86_64-pc-linux-gnu-ubuntu-22.04",
      "RemoteSha": "2.5.1",
      "Requirements": [
        "R"
      ],
      "Hash": "470851b6d5d0ac559e9d01bb352b4021"
    },
    "Rcpp": {
      "Package": "Rcpp",
      "Version": "1.0.10",
      "Source": "Repository",
      "Repository": "RSPM",
      "RemoteType": "standard",
      "RemotePkgRef": "Rcpp",
      "RemoteRef": "Rcpp",
      "RemoteRepos": "https://packagemanager.posit.co/cran/__linux__/jammy/latest",
      "RemotePkgPlatform": "x86_64-pc-linux-gnu-ubuntu-22.04",
      "RemoteSha": "1.0.10",
      "Requirements": [
        "methods",
        "utils"
      ],
      "Hash": "e749cae40fa9ef469b6050959517453c"
    },
    "askpass": {
      "Package": "askpass",
      "Version": "1.1",
      "Source": "Repository",
      "Repository": "RSPM",
      "RemoteType": "standard",
      "RemotePkgRef": "askpass",
      "RemoteRef": "askpass",
      "RemoteRepos": "https://packagemanager.posit.co/cran/__linux__/jammy/latest",
      "RemotePkgPlatform": "x86_64-pc-linux-gnu-ubuntu-22.04",
      "RemoteSha": "1.1",
      "Requirements": [
        "sys"
      ],
      "Hash": "e8a22846fff485f0be3770c2da758713"
    },
    "bit": {
      "Package": "bit",
      "Version": "4.0.5",
      "Source": "Repository",
      "Repository": "RSPM",
      "RemoteType": "standard",
      "RemotePkgRef": "bit",
      "RemoteRef": "bit",
      "RemoteRepos": "https://packagemanager.posit.co/cran/__linux__/jammy/latest",
      "RemotePkgPlatform": "x86_64-pc-linux-gnu-ubuntu-22.04",
      "RemoteSha": "4.0.5",
      "Requirements": [
        "R"
      ],
      "Hash": "d242abec29412ce988848d0294b208fd"
    },
    "bit64": {
      "Package": "bit64",
      "Version": "4.0.5",
      "Source": "Repository",
      "Repository": "RSPM",
      "RemoteType": "standard",
      "RemotePkgRef": "bit64",
      "RemoteRef": "bit64",
      "RemoteRepos": "https://packagemanager.posit.co/cran/__linux__/jammy/latest",
      "RemotePkgPlatform": "x86_64-pc-linux-gnu-ubuntu-22.04",
      "RemoteSha": "4.0.5",
      "Requirements": [
        "R",
        "bit",
        "methods",
        "stats",
        "utils"
      ],
      "Hash": "9fe98599ca456d6552421db0d6772d8f"
    },
    "bundle": {
      "Package": "bundle",
      "Version": "0.1.0",
      "Source": "Repository",
      "Repository": "RSPM",
      "RemoteType": "standard",
      "RemotePkgRef": "bundle",
      "RemoteRef": "bundle",
      "RemoteRepos": "https://packagemanager.posit.co/cran/__linux__/jammy/latest",
      "RemotePkgPlatform": "x86_64-pc-linux-gnu-ubuntu-22.04",
      "RemoteSha": "0.1.0",
      "Requirements": [
        "glue",
        "purrr",
        "rlang",
        "utils",
        "withr"
      ],
      "Hash": "eddb272b43e01d3d667b1304aeafed5a"
    },
    "butcher": {
      "Package": "butcher",
      "Version": "0.3.2",
      "Source": "Repository",
      "Repository": "RSPM",
      "RemoteType": "standard",
      "RemotePkgRef": "butcher",
      "RemoteRef": "butcher",
      "RemoteRepos": "https://packagemanager.posit.co/cran/__linux__/jammy/latest",
      "RemotePkgPlatform": "x86_64-pc-linux-gnu-ubuntu-22.04",
      "RemoteSha": "0.3.2",
      "Requirements": [
        "R",
        "cli",
        "lobstr",
        "methods",
        "purrr",
        "rlang",
        "tibble",
        "utils",
        "vctrs"
      ],
      "Hash": "0804e023949503fee9fab811788deb2f"
    },
    "cli": {
      "Package": "cli",
      "Version": "3.6.1",
      "Source": "Repository",
      "Repository": "RSPM",
      "RemoteType": "standard",
      "RemotePkgRef": "cli",
      "RemoteRef": "cli",
      "RemoteRepos": "https://packagemanager.posit.co/cran/__linux__/jammy/latest",
      "RemotePkgPlatform": "x86_64-pc-linux-gnu-ubuntu-22.04",
      "RemoteSha": "3.6.1",
      "Requirements": [
        "R",
        "utils"
      ],
      "Hash": "89e6d8219950eac806ae0c489052048a"
    },
    "clipr": {
      "Package": "clipr",
      "Version": "0.8.0",
      "Source": "Repository",
      "Repository": "RSPM",
      "RemoteType": "standard",
      "RemotePkgRef": "clipr",
      "RemoteRef": "clipr",
      "RemoteRepos": "https://packagemanager.posit.co/cran/__linux__/jammy/latest",
      "RemotePkgPlatform": "x86_64-pc-linux-gnu-ubuntu-22.04",
      "RemoteSha": "0.8.0",
      "Requirements": [
        "utils"
      ],
      "Hash": "3f038e5ac7f41d4ac41ce658c85e3042"
    },
    "cpp11": {
      "Package": "cpp11",
      "Version": "0.4.3",
      "Source": "Repository",
      "Repository": "RSPM",
      "RemoteType": "standard",
      "RemotePkgRef": "cpp11",
      "RemoteRef": "cpp11",
      "RemoteRepos": "https://packagemanager.posit.co/cran/__linux__/jammy/latest",
      "RemotePkgPlatform": "x86_64-pc-linux-gnu-ubuntu-22.04",
      "RemoteSha": "0.4.3",
      "Hash": "ed588261931ee3be2c700d22e94a29ab"
    },
    "crayon": {
      "Package": "crayon",
      "Version": "1.5.2",
      "Source": "Repository",
      "Repository": "RSPM",
      "RemoteType": "standard",
      "RemotePkgRef": "crayon",
      "RemoteRef": "crayon",
      "RemoteRepos": "https://packagemanager.posit.co/cran/__linux__/jammy/latest",
      "RemotePkgPlatform": "x86_64-pc-linux-gnu-ubuntu-22.04",
      "RemoteSha": "1.5.2",
      "Requirements": [
        "grDevices",
        "methods",
        "utils"
      ],
      "Hash": "e8a1e41acf02548751f45c718d55aa6a"
    },
    "curl": {
      "Package": "curl",
      "Version": "5.0.0",
      "Source": "Repository",
      "Repository": "RSPM",
      "RemoteType": "standard",
      "RemotePkgRef": "curl",
      "RemoteRef": "curl",
      "RemoteRepos": "https://packagemanager.posit.co/cran/__linux__/jammy/latest",
      "RemotePkgPlatform": "x86_64-pc-linux-gnu-ubuntu-22.04",
      "RemoteSha": "5.0.0",
      "Requirements": [
        "R"
      ],
      "Hash": "e4f97056611e8e6b8b852d13b7400cf1"
    },
    "digest": {
      "Package": "digest",
      "Version": "0.6.31",
      "Source": "Repository",
      "Repository": "RSPM",
      "RemoteType": "standard",
      "RemotePkgRef": "digest",
      "RemoteRef": "digest",
      "RemoteRepos": "https://packagemanager.posit.co/cran/__linux__/jammy/latest",
      "RemotePkgPlatform": "x86_64-pc-linux-gnu-ubuntu-22.04",
      "RemoteSha": "0.6.31",
      "Requirements": [
        "R",
        "utils"
      ],
      "Hash": "8b708f296afd9ae69f450f9640be8990"
    },
    "ellipsis": {
      "Package": "ellipsis",
      "Version": "0.3.2",
      "Source": "Repository",
      "Repository": "RSPM",
      "RemoteType": "standard",
      "RemotePkgRef": "ellipsis",
      "RemoteRef": "ellipsis",
      "RemoteRepos": "https://packagemanager.posit.co/cran/__linux__/jammy/latest",
      "RemotePkgPlatform": "x86_64-pc-linux-gnu-ubuntu-22.04",
      "RemoteSha": "0.3.2",
      "Requirements": [
        "R",
        "rlang"
      ],
      "Hash": "bb0eec2fe32e88d9e2836c2f73ea2077"
    },
    "fansi": {
      "Package": "fansi",
      "Version": "1.0.4",
      "Source": "Repository",
      "Repository": "RSPM",
      "RemoteType": "standard",
      "RemotePkgRef": "fansi",
      "RemoteRef": "fansi",
      "RemoteRepos": "https://packagemanager.posit.co/cran/__linux__/jammy/latest",
      "RemotePkgPlatform": "x86_64-pc-linux-gnu-ubuntu-22.04",
      "RemoteSha": "1.0.4",
      "Requirements": [
        "R",
        "grDevices",
        "utils"
      ],
      "Hash": "1d9e7ad3c8312a192dea7d3db0274fde"
    },
    "filelock": {
      "Package": "filelock",
      "Version": "1.0.2",
      "Source": "Repository",
      "Repository": "RSPM",
      "RemoteType": "standard",
      "RemotePkgRef": "filelock",
      "RemoteRef": "filelock",
      "RemoteRepos": "https://packagemanager.posit.co/cran/__linux__/jammy/latest",
      "RemotePkgPlatform": "x86_64-pc-linux-gnu-ubuntu-22.04",
      "RemoteSha": "1.0.2",
      "Hash": "38ec653c2613bed60052ba3787bd8a2c"
    },
    "fs": {
      "Package": "fs",
      "Version": "1.6.2",
      "Source": "Repository",
      "Repository": "RSPM",
      "RemoteType": "standard",
      "RemotePkgRef": "fs",
      "RemoteRef": "fs",
      "RemoteRepos": "https://packagemanager.posit.co/cran/__linux__/jammy/latest",
      "RemotePkgPlatform": "x86_64-pc-linux-gnu-ubuntu-22.04",
      "RemoteSha": "1.6.2",
      "Requirements": [
        "R",
        "methods"
      ],
      "Hash": "94af08e0aa9675a16fadbb3aaaa90d2a"
    },
    "generics": {
      "Package": "generics",
      "Version": "0.1.3",
      "Source": "Repository",
      "Repository": "RSPM",
      "RemoteType": "standard",
      "RemotePkgRef": "generics",
      "RemoteRef": "generics",
      "RemoteRepos": "https://packagemanager.posit.co/cran/__linux__/jammy/latest",
      "RemotePkgPlatform": "x86_64-pc-linux-gnu-ubuntu-22.04",
      "RemoteSha": "0.1.3",
      "Requirements": [
        "R",
        "methods"
      ],
      "Hash": "15e9634c0fcd294799e9b2e929ed1b86"
    },
    "glue": {
      "Package": "glue",
      "Version": "1.6.2",
      "Source": "Repository",
      "Repository": "RSPM",
      "RemoteType": "standard",
      "RemotePkgRef": "glue",
      "RemoteRef": "glue",
      "RemoteRepos": "https://packagemanager.posit.co/cran/__linux__/jammy/latest",
      "RemotePkgPlatform": "x86_64-pc-linux-gnu-ubuntu-22.04",
      "RemoteSha": "1.6.2",
      "Requirements": [
        "R",
        "methods"
      ],
      "Hash": "4f2596dfb05dac67b9dc558e5c6fba2e"
    },
    "hardhat": {
      "Package": "hardhat",
      "Version": "1.3.0",
      "Source": "Repository",
      "Repository": "RSPM",
      "RemoteType": "standard",
      "RemotePkgRef": "hardhat",
      "RemoteRef": "hardhat",
      "RemoteRepos": "https://packagemanager.posit.co/cran/__linux__/jammy/latest",
      "RemotePkgPlatform": "x86_64-pc-linux-gnu-ubuntu-22.04",
      "RemoteSha": "1.3.0",
      "Requirements": [
        "R",
        "cli",
        "glue",
        "rlang",
        "tibble",
        "vctrs"
      ],
      "Hash": "b56b42c50bb7c76a683e8e61f415d828"
    },
    "hms": {
      "Package": "hms",
      "Version": "1.1.3",
      "Source": "Repository",
      "Repository": "RSPM",
      "RemoteType": "standard",
      "RemotePkgRef": "hms",
      "RemoteRef": "hms",
      "RemoteRepos": "https://packagemanager.posit.co/cran/__linux__/jammy/latest",
      "RemotePkgPlatform": "x86_64-pc-linux-gnu-ubuntu-22.04",
      "RemoteSha": "1.1.3",
      "Requirements": [
        "lifecycle",
        "methods",
        "pkgconfig",
        "rlang",
        "vctrs"
      ],
      "Hash": "b59377caa7ed00fa41808342002138f9"
    },
    "httpuv": {
      "Package": "httpuv",
      "Version": "1.6.11",
      "Source": "Repository",
      "Repository": "RSPM",
      "RemoteType": "standard",
      "RemotePkgRef": "httpuv",
      "RemoteRef": "httpuv",
      "RemoteRepos": "https://packagemanager.posit.co/cran/__linux__/jammy/latest",
      "RemotePkgPlatform": "x86_64-pc-linux-gnu-ubuntu-22.04",
      "RemoteSha": "1.6.11",
      "Requirements": [
        "R",
        "R6",
        "Rcpp",
        "later",
        "promises",
        "utils"
      ],
      "Hash": "838602f54e32c1a0f8cc80708cefcefa"
    },
    "httr": {
      "Package": "httr",
      "Version": "1.4.6",
      "Source": "Repository",
      "Repository": "RSPM",
      "RemoteType": "standard",
      "RemotePkgRef": "httr",
      "RemoteRef": "httr",
      "RemoteRepos": "https://packagemanager.posit.co/cran/__linux__/jammy/latest",
      "RemotePkgPlatform": "x86_64-pc-linux-gnu-ubuntu-22.04",
      "RemoteSha": "1.4.6",
      "Requirements": [
        "R",
        "R6",
        "curl",
        "jsonlite",
        "mime",
        "openssl"
      ],
      "Hash": "7e5e3cbd2a7bc07880c94e22348fb661"
    },
    "jsonlite": {
      "Package": "jsonlite",
      "Version": "1.8.4",
      "Source": "Repository",
      "Repository": "RSPM",
      "RemoteType": "standard",
      "RemotePkgRef": "jsonlite",
      "RemoteRef": "jsonlite",
      "RemoteRepos": "https://packagemanager.posit.co/cran/__linux__/jammy/latest",
      "RemotePkgPlatform": "x86_64-pc-linux-gnu-ubuntu-22.04",
      "RemoteSha": "1.8.4",
      "Requirements": [
        "methods"
      ],
      "Hash": "a4269a09a9b865579b2635c77e572374"
    },
    "later": {
      "Package": "later",
      "Version": "1.3.1",
      "Source": "Repository",
      "Repository": "RSPM",
      "RemoteType": "standard",
      "RemotePkgRef": "later",
      "RemoteRef": "later",
      "RemoteRepos": "https://packagemanager.posit.co/cran/__linux__/jammy/latest",
      "RemotePkgPlatform": "x86_64-pc-linux-gnu-ubuntu-22.04",
      "RemoteSha": "1.3.1",
      "Requirements": [
        "Rcpp",
        "rlang"
      ],
      "Hash": "40401c9cf2bc2259dfe83311c9384710"
    },
    "lifecycle": {
      "Package": "lifecycle",
      "Version": "1.0.3",
      "Source": "Repository",
      "Repository": "RSPM",
      "RemoteType": "standard",
      "RemotePkgRef": "lifecycle",
      "RemoteRef": "lifecycle",
      "RemoteRepos": "https://packagemanager.posit.co/cran/__linux__/jammy/latest",
      "RemotePkgPlatform": "x86_64-pc-linux-gnu-ubuntu-22.04",
      "RemoteSha": "1.0.3",
      "Requirements": [
        "R",
        "cli",
        "glue",
        "rlang"
      ],
      "Hash": "001cecbeac1cff9301bdc3775ee46a86"
    },
    "lobstr": {
      "Package": "lobstr",
      "Version": "1.1.2",
      "Source": "Repository",
      "Repository": "RSPM",
      "RemoteType": "standard",
      "RemotePkgRef": "lobstr",
      "RemoteRef": "lobstr",
      "RemoteRepos": "https://packagemanager.posit.co/cran/__linux__/jammy/latest",
      "RemotePkgPlatform": "x86_64-pc-linux-gnu-ubuntu-22.04",
      "RemoteSha": "1.1.2",
      "Requirements": [
        "R",
        "cpp11",
        "crayon",
        "methods",
        "prettyunits",
        "rlang"
      ],
      "Hash": "f2a94f8fc9db382a642e965339635ad6"
    },
    "magrittr": {
      "Package": "magrittr",
      "Version": "2.0.3",
      "Source": "Repository",
      "Repository": "RSPM",
      "RemoteType": "standard",
      "RemotePkgRef": "magrittr",
      "RemoteRef": "magrittr",
      "RemoteRepos": "https://packagemanager.posit.co/cran/__linux__/jammy/latest",
      "RemotePkgPlatform": "x86_64-pc-linux-gnu-ubuntu-22.04",
      "RemoteSha": "2.0.3",
      "Requirements": [
        "R"
      ],
      "Hash": "7ce2733a9826b3aeb1775d56fd305472"
    },
    "mime": {
      "Package": "mime",
      "Version": "0.12",
      "Source": "Repository",
      "Repository": "RSPM",
      "RemoteType": "standard",
      "RemotePkgRef": "mime",
      "RemoteRef": "mime",
      "RemoteRepos": "https://packagemanager.posit.co/cran/__linux__/jammy/latest",
      "RemotePkgPlatform": "x86_64-pc-linux-gnu-ubuntu-22.04",
      "RemoteSha": "0.12",
      "Requirements": [
        "tools"
      ],
      "Hash": "18e9c28c1d3ca1560ce30658b22ce104"
    },
    "openssl": {
      "Package": "openssl",
      "Version": "2.0.6",
      "Source": "Repository",
      "Repository": "RSPM",
      "RemoteType": "standard",
      "RemotePkgRef": "openssl",
      "RemoteRef": "openssl",
      "RemoteRepos": "https://packagemanager.posit.co/cran/__linux__/jammy/latest",
      "RemotePkgPlatform": "x86_64-pc-linux-gnu-ubuntu-22.04",
      "RemoteSha": "2.0.6",
      "Requirements": [
        "askpass"
      ],
      "Hash": "0f7cd2962e3044bb940cca4f4b5cecbe"
    },
    "pillar": {
      "Package": "pillar",
      "Version": "1.9.0",
      "Source": "Repository",
      "Repository": "RSPM",
      "RemoteType": "standard",
      "RemotePkgRef": "pillar",
      "RemoteRef": "pillar",
      "RemoteRepos": "https://packagemanager.posit.co/cran/__linux__/jammy/latest",
      "RemotePkgPlatform": "x86_64-pc-linux-gnu-ubuntu-22.04",
      "RemoteSha": "1.9.0",
      "Requirements": [
        "cli",
        "fansi",
        "glue",
        "lifecycle",
        "rlang",
        "utf8",
        "utils",
        "vctrs"
      ],
      "Hash": "15da5a8412f317beeee6175fbc76f4bb"
    },
    "pins": {
      "Package": "pins",
      "Version": "1.1.0",
      "Source": "Repository",
      "Repository": "RSPM",
      "RemoteType": "standard",
      "RemotePkgRef": "pins",
      "RemoteRef": "pins",
      "RemoteRepos": "https://packagemanager.posit.co/cran/__linux__/jammy/latest",
      "RemotePkgPlatform": "x86_64-pc-linux-gnu-ubuntu-22.04",
      "RemoteSha": "1.1.0",
      "Requirements": [
        "R",
        "cli",
        "digest",
        "ellipsis",
        "filelock",
        "fs",
        "generics",
        "glue",
        "httr",
        "jsonlite",
        "lifecycle",
        "magrittr",
        "mime",
        "openssl",
        "rappdirs",
        "rlang",
        "tibble",
        "whisker",
        "withr",
        "yaml",
        "zip"
      ],
      "Hash": "c6bfa6bbbc54c1d71828ab9167918016"
    },
    "pkgconfig": {
      "Package": "pkgconfig",
      "Version": "2.0.3",
      "Source": "Repository",
      "Repository": "RSPM",
      "RemoteType": "standard",
      "RemotePkgRef": "pkgconfig",
      "RemoteRef": "pkgconfig",
      "RemoteRepos": "https://packagemanager.posit.co/cran/__linux__/jammy/latest",
      "RemotePkgPlatform": "x86_64-pc-linux-gnu-ubuntu-22.04",
      "RemoteSha": "2.0.3",
      "Requirements": [
        "utils"
      ],
      "Hash": "01f28d4278f15c76cddbea05899c5d6f"
    },
    "plumber": {
      "Package": "plumber",
      "Version": "1.2.1",
      "Source": "Repository",
      "Repository": "RSPM",
      "RemoteType": "standard",
      "RemotePkgRef": "plumber",
      "RemoteRef": "plumber",
      "RemoteRepos": "https://packagemanager.posit.co/cran/__linux__/jammy/latest",
      "RemotePkgPlatform": "x86_64-pc-linux-gnu-ubuntu-22.04",
      "RemoteSha": "1.2.1",
      "Requirements": [
        "R",
        "R6",
        "crayon",
        "ellipsis",
        "httpuv",
        "jsonlite",
        "lifecycle",
        "magrittr",
        "mime",
        "promises",
        "rlang",
        "sodium",
        "stringi",
        "swagger",
        "webutils"
      ],
      "Hash": "8b65a7a00ef8edc5ddc6fabf0aff1194"
    },
    "prettyunits": {
      "Package": "prettyunits",
      "Version": "1.1.1",
      "Source": "Repository",
      "Repository": "RSPM",
      "RemoteType": "standard",
      "RemotePkgRef": "prettyunits",
      "RemoteRef": "prettyunits",
      "RemoteRepos": "https://packagemanager.posit.co/cran/__linux__/jammy/latest",
      "RemotePkgPlatform": "x86_64-pc-linux-gnu-ubuntu-22.04",
      "RemoteSha": "1.1.1",
      "Hash": "95ef9167b75dde9d2ccc3c7528393e7e"
    },
    "progress": {
      "Package": "progress",
      "Version": "1.2.2",
      "Source": "Repository",
      "Repository": "RSPM",
      "RemoteType": "standard",
      "RemotePkgRef": "progress",
      "RemoteRef": "progress",
      "RemoteRepos": "https://packagemanager.posit.co/cran/__linux__/jammy/latest",
      "RemotePkgPlatform": "x86_64-pc-linux-gnu-ubuntu-22.04",
      "RemoteSha": "1.2.2",
      "Requirements": [
        "R6",
        "crayon",
        "hms",
        "prettyunits"
      ],
      "Hash": "14dc9f7a3c91ebb14ec5bb9208a07061"
    },
    "promises": {
      "Package": "promises",
      "Version": "1.2.0.1",
      "Source": "Repository",
      "Repository": "RSPM",
      "RemoteType": "standard",
      "RemotePkgRef": "promises",
      "RemoteRef": "promises",
      "RemoteRepos": "https://packagemanager.posit.co/cran/__linux__/jammy/latest",
      "RemotePkgPlatform": "x86_64-pc-linux-gnu-ubuntu-22.04",
      "RemoteSha": "1.2.0.1",
      "Requirements": [
        "R6",
        "Rcpp",
        "later",
        "magrittr",
        "rlang",
        "stats"
      ],
      "Hash": "4ab2c43adb4d4699cf3690acd378d75d"
    },
    "purrr": {
      "Package": "purrr",
      "Version": "1.0.1",
      "Source": "Repository",
      "Repository": "RSPM",
      "RemoteType": "standard",
      "RemotePkgRef": "purrr",
      "RemoteRef": "purrr",
      "RemoteRepos": "https://packagemanager.posit.co/cran/__linux__/jammy/latest",
      "RemotePkgPlatform": "x86_64-pc-linux-gnu-ubuntu-22.04",
      "RemoteSha": "1.0.1",
      "Requirements": [
        "R",
        "cli",
        "lifecycle",
        "magrittr",
        "rlang",
        "vctrs"
      ],
      "Hash": "d71c815267c640f17ddbf7f16144b4bb"
    },
    "rapidoc": {
      "Package": "rapidoc",
      "Version": "8.4.3",
      "Source": "Repository",
      "Repository": "RSPM",
      "RemoteType": "standard",
      "RemotePkgRef": "rapidoc",
      "RemoteRef": "rapidoc",
      "RemoteRepos": "https://packagemanager.posit.co/cran/__linux__/jammy/latest",
      "RemotePkgPlatform": "x86_64-pc-linux-gnu-ubuntu-22.04",
      "RemoteSha": "8.4.3",
      "Requirements": [
        "jsonlite"
      ],
      "Hash": "576f303483fd25cda71f6c4e16682d1c"
    },
    "rappdirs": {
      "Package": "rappdirs",
      "Version": "0.3.3",
      "Source": "Repository",
      "Repository": "RSPM",
      "RemoteType": "standard",
      "RemotePkgRef": "rappdirs",
      "RemoteRef": "rappdirs",
      "RemoteRepos": "https://packagemanager.posit.co/cran/__linux__/jammy/latest",
      "RemotePkgPlatform": "x86_64-pc-linux-gnu-ubuntu-22.04",
      "RemoteSha": "0.3.3",
      "Requirements": [
        "R"
      ],
      "Hash": "5e3c5dc0b071b21fa128676560dbe94d"
    },
    "readr": {
      "Package": "readr",
      "Version": "2.1.4",
      "Source": "Repository",
      "Repository": "RSPM",
      "RemoteType": "standard",
      "RemotePkgRef": "readr",
      "RemoteRef": "readr",
      "RemoteRepos": "https://packagemanager.posit.co/cran/__linux__/jammy/latest",
      "RemotePkgPlatform": "x86_64-pc-linux-gnu-ubuntu-22.04",
      "RemoteSha": "2.1.4",
      "Requirements": [
        "R",
        "R6",
        "cli",
        "clipr",
        "cpp11",
        "crayon",
        "hms",
        "lifecycle",
        "methods",
        "rlang",
        "tibble",
        "tzdb",
        "utils",
        "vroom"
      ],
      "Hash": "b5047343b3825f37ad9d3b5d89aa1078"
    },
    "rlang": {
      "Package": "rlang",
      "Version": "1.1.1",
      "Source": "Repository",
      "Repository": "RSPM",
      "RemoteType": "standard",
      "RemotePkgRef": "rlang",
      "RemoteRef": "rlang",
      "RemoteRepos": "https://packagemanager.posit.co/cran/__linux__/jammy/latest",
      "RemotePkgPlatform": "x86_64-pc-linux-gnu-ubuntu-22.04",
      "RemoteSha": "1.1.1",
      "Requirements": [
        "R",
        "utils"
      ],
      "Hash": "a85c767b55f0bf9b7ad16c6d7baee5bb"
    },
    "sodium": {
      "Package": "sodium",
      "Version": "1.2.1",
      "Source": "Repository",
      "Repository": "RSPM",
      "RemoteType": "standard",
      "RemotePkgRef": "sodium",
      "RemoteRef": "sodium",
      "RemoteRepos": "https://packagemanager.posit.co/cran/__linux__/jammy/latest",
      "RemotePkgPlatform": "x86_64-pc-linux-gnu-ubuntu-22.04",
      "RemoteSha": "1.2.1",
      "Hash": "3606bb09e0914edd4fc8313b500dcd5e"
    },
    "stringi": {
      "Package": "stringi",
      "Version": "1.7.12",
      "Source": "Repository",
      "Repository": "RSPM",
      "RemoteType": "standard",
      "RemotePkgRef": "stringi",
      "RemoteRef": "stringi",
      "RemoteRepos": "https://packagemanager.posit.co/cran/__linux__/jammy/latest",
      "RemotePkgPlatform": "x86_64-pc-linux-gnu-ubuntu-22.04",
      "RemoteSha": "1.7.12",
      "Requirements": [
        "R",
        "stats",
        "tools",
        "utils"
      ],
      "Hash": "ca8bd84263c77310739d2cf64d84d7c9"
    },
    "swagger": {
      "Package": "swagger",
      "Version": "3.33.1",
      "Source": "Repository",
      "Repository": "RSPM",
      "RemoteType": "standard",
      "RemotePkgRef": "swagger",
      "RemoteRef": "swagger",
      "RemoteRepos": "https://packagemanager.posit.co/cran/__linux__/jammy/latest",
      "RemotePkgPlatform": "x86_64-pc-linux-gnu-ubuntu-22.04",
      "RemoteSha": "3.33.1",
      "Hash": "f28d25ed70c903922254157c11b0081d"
    },
    "sys": {
      "Package": "sys",
      "Version": "3.4.1",
      "Source": "Repository",
      "Repository": "RSPM",
      "RemoteType": "standard",
      "RemotePkgRef": "sys",
      "RemoteRef": "sys",
      "RemoteRepos": "https://packagemanager.posit.co/cran/__linux__/jammy/latest",
      "RemotePkgPlatform": "x86_64-pc-linux-gnu-ubuntu-22.04",
      "RemoteSha": "3.4.1",
      "Hash": "34c16f1ef796057bfa06d3f4ff818a5d"
    },
    "tibble": {
      "Package": "tibble",
      "Version": "3.2.1",
      "Source": "Repository",
      "Repository": "RSPM",
      "RemoteType": "standard",
      "RemotePkgRef": "tibble",
      "RemoteRef": "tibble",
      "RemoteRepos": "https://packagemanager.posit.co/cran/__linux__/jammy/latest",
      "RemotePkgPlatform": "x86_64-pc-linux-gnu-ubuntu-22.04",
      "RemoteSha": "3.2.1",
      "Requirements": [
        "R",
        "fansi",
        "lifecycle",
        "magrittr",
        "methods",
        "pillar",
        "pkgconfig",
        "rlang",
        "utils",
        "vctrs"
      ],
      "Hash": "a84e2cc86d07289b3b6f5069df7a004c"
    },
    "tidyselect": {
      "Package": "tidyselect",
      "Version": "1.2.0",
      "Source": "Repository",
      "Repository": "RSPM",
      "RemoteType": "standard",
      "RemotePkgRef": "tidyselect",
      "RemoteRef": "tidyselect",
      "RemoteRepos": "https://packagemanager.posit.co/cran/__linux__/jammy/latest",
      "RemotePkgPlatform": "x86_64-pc-linux-gnu-ubuntu-22.04",
      "RemoteSha": "1.2.0",
      "Requirements": [
        "R",
        "cli",
        "glue",
        "lifecycle",
        "rlang",
        "vctrs",
        "withr"
      ],
      "Hash": "79540e5fcd9e0435af547d885f184fd5"
    },
    "tzdb": {
      "Package": "tzdb",
      "Version": "0.3.0",
      "Source": "Repository",
      "Repository": "RSPM",
      "RemoteType": "standard",
      "RemotePkgRef": "tzdb",
      "RemoteRef": "tzdb",
      "RemoteRepos": "https://packagemanager.posit.co/cran/__linux__/jammy/latest",
      "RemotePkgPlatform": "x86_64-pc-linux-gnu-ubuntu-22.04",
      "RemoteSha": "0.3.0",
      "Requirements": [
        "R",
        "cpp11"
      ],
      "Hash": "b2e1cbce7c903eaf23ec05c58e59fb5e"
    },
    "utf8": {
      "Package": "utf8",
      "Version": "1.2.3",
      "Source": "Repository",
      "Repository": "RSPM",
      "RemoteType": "standard",
      "RemotePkgRef": "utf8",
      "RemoteRef": "utf8",
      "RemoteRepos": "https://packagemanager.posit.co/cran/__linux__/jammy/latest",
      "RemotePkgPlatform": "x86_64-pc-linux-gnu-ubuntu-22.04",
      "RemoteSha": "1.2.3",
      "Requirements": [
        "R"
      ],
      "Hash": "1fe17157424bb09c48a8b3b550c753bc"
    },
    "vctrs": {
      "Package": "vctrs",
      "Version": "0.6.2",
      "Source": "Repository",
      "Repository": "RSPM",
      "RemoteType": "standard",
      "RemotePkgRef": "vctrs",
      "RemoteRef": "vctrs",
      "RemoteRepos": "https://packagemanager.posit.co/cran/__linux__/jammy/latest",
      "RemotePkgPlatform": "x86_64-pc-linux-gnu-ubuntu-22.04",
      "RemoteSha": "0.6.2",
      "Requirements": [
        "R",
        "cli",
        "glue",
        "lifecycle",
        "rlang"
      ],
      "Hash": "a745bda7aff4734c17294bb41d4e4607"
    },
    "vetiver": {
      "Package": "vetiver",
      "Version": "0.2.0.9000",
      "Source": "Local",
      "Remotes": "r-lib/testthat",
      "RemotePkgRef": "local::.",
      "RemoteType": "local",
      "Requirements": [
        "R",
        "bundle",
        "butcher",
        "cli",
        "ellipsis",
        "fs",
        "generics",
        "glue",
        "hardhat",
        "lifecycle",
        "magrittr",
        "pins",
        "purrr",
        "rapidoc",
        "readr",
        "rlang",
        "tibble",
        "vctrs",
        "withr"
      ],
      "Hash": "7c4fe460f972a2a9e31a43f6e1fe768a"
    },
    "vroom": {
      "Package": "vroom",
      "Version": "1.6.3",
      "Source": "Repository",
      "Repository": "RSPM",
      "RemoteType": "standard",
      "RemotePkgRef": "vroom",
      "RemoteRef": "vroom",
      "RemoteRepos": "https://packagemanager.posit.co/cran/__linux__/jammy/latest",
      "RemotePkgPlatform": "x86_64-pc-linux-gnu-ubuntu-22.04",
      "RemoteSha": "1.6.3",
      "Requirements": [
        "R",
        "bit64",
        "cli",
        "cpp11",
        "crayon",
        "glue",
        "hms",
        "lifecycle",
        "methods",
        "progress",
        "rlang",
        "stats",
        "tibble",
        "tidyselect",
        "tzdb",
        "vctrs",
        "withr"
      ],
      "Hash": "8318e64ffb3a70e652494017ec455561"
    },
    "webutils": {
      "Package": "webutils",
      "Version": "1.1",
      "Source": "Repository",
      "Repository": "RSPM",
      "RemoteType": "standard",
      "RemotePkgRef": "webutils",
      "RemoteRef": "webutils",
      "RemoteRepos": "https://packagemanager.posit.co/cran/__linux__/jammy/latest",
      "RemotePkgPlatform": "x86_64-pc-linux-gnu-ubuntu-22.04",
      "RemoteSha": "1.1",
      "Requirements": [
        "curl",
        "jsonlite"
      ],
      "Hash": "75d8b5b05fe22659b54076563f83f26a"
    },
    "whisker": {
      "Package": "whisker",
      "Version": "0.4.1",
      "Source": "Repository",
      "Repository": "RSPM",
      "RemoteType": "standard",
      "RemotePkgRef": "whisker",
      "RemoteRef": "whisker",
      "RemoteRepos": "https://packagemanager.posit.co/cran/__linux__/jammy/latest",
      "RemotePkgPlatform": "x86_64-pc-linux-gnu-ubuntu-22.04",
      "RemoteSha": "0.4.1",
      "Hash": "c6abfa47a46d281a7d5159d0a8891e88"
    },
    "withr": {
      "Package": "withr",
      "Version": "2.5.0",
      "Source": "Repository",
      "Repository": "RSPM",
      "RemoteType": "standard",
      "RemotePkgRef": "withr",
      "RemoteRef": "withr",
      "RemoteRepos": "https://packagemanager.posit.co/cran/__linux__/jammy/latest",
      "RemotePkgPlatform": "x86_64-pc-linux-gnu-ubuntu-22.04",
      "RemoteSha": "2.5.0",
      "Requirements": [
        "R",
        "grDevices",
        "graphics",
        "stats"
      ],
      "Hash": "c0e49a9760983e81e55cdd9be92e7182"
    },
    "yaml": {
      "Package": "yaml",
      "Version": "2.3.7",
      "Source": "Repository",
      "Repository": "RSPM",
      "RemoteType": "standard",
      "RemotePkgRef": "yaml",
      "RemoteRef": "yaml",
      "RemoteRepos": "https://packagemanager.posit.co/cran/__linux__/jammy/latest",
      "RemotePkgPlatform": "x86_64-pc-linux-gnu-ubuntu-22.04",
      "RemoteSha": "2.3.7",
      "Hash": "0d0056cc5383fbc240ccd0cb584bf436"
    },
    "zip": {
      "Package": "zip",
      "Version": "2.3.0",
      "Source": "Repository",
      "Repository": "RSPM",
      "RemoteType": "standard",
      "RemotePkgRef": "zip",
      "RemoteRef": "zip",
      "RemoteRepos": "https://packagemanager.posit.co/cran/__linux__/jammy/latest",
      "RemotePkgPlatform": "x86_64-pc-linux-gnu-ubuntu-22.04",
      "RemoteSha": "2.3.0",
      "Hash": "d98c94dacb7e0efcf83b0a133a705504"
    }
  }
}
